
Microsoft Visual Studio Solution File, Format Version 12.00
# Visual Studio Version 17
VisualStudioVersion = 17.11.35222.181
MinimumVisualStudioVersion = 10.0.40219.1
Project("{2150E333-8FDC-42A3-9474-1A3956D46DE8}") = "BuildingBlocks", "BuildingBlocks", "{23B2CF02-4D09-4DD0-B8A9-13DE6E9DDF75}"
EndProject
Project("{9A19103F-16F7-4668-BE54-9A1E7A4F7556}") = "BuildingBlocks", "BuildingBlocks\BuildingBlocks\BuildingBlocks.csproj", "{594C36B9-1AB4-46F3-97A2-16E6727CF769}"
EndProject
Project("{2150E333-8FDC-42A3-9474-1A3956D46DE8}") = "Services", "Services", "{C93EE50F-FBE6-45F7-8091-B4F88003A6C7}"
EndProject
Project("{2150E333-8FDC-42A3-9474-1A3956D46DE8}") = "Catalog", "Catalog", "{A02789EC-5A30-4FAC-8DEB-2D89FB35F5F5}"
EndProject
Project("{9A19103F-16F7-4668-BE54-9A1E7A4F7556}") = "Catalog.API", "Services\Catalog\Catalog.API\Catalog.API.csproj", "{7FDAC820-23E6-4CBC-9F0D-CE75A78FA1D0}"
EndProject
Project("{E53339B2-1760-4266-BCC7-CA923CBCF16C}") = "docker-compose", "docker-compose.dcproj", "{F81E2A48-EA21-4C3C-949F-0C158D411536}"
EndProject
Project("{2150E333-8FDC-42A3-9474-1A3956D46DE8}") = "Basket", "Basket", "{8DDA8696-7AFA-45FB-A6A0-857EF3895B17}"
EndProject
Project("{FAE04EC0-301F-11D3-BF4B-00C04F79EFBC}") = "Basket.API", "Services\Basket\Basket.API\Basket.API.csproj", "{B655DC96-0204-445A-924F-CD0DCF755955}"
EndProject
Global
	GlobalSection(SolutionConfigurationPlatforms) = preSolution
		Debug|Any CPU = Debug|Any CPU
		Release|Any CPU = Release|Any CPU
	EndGlobalSection
	GlobalSection(ProjectConfigurationPlatforms) = postSolution
		{594C36B9-1AB4-46F3-97A2-16E6727CF769}.Debug|Any CPU.ActiveCfg = Debug|Any CPU
		{594C36B9-1AB4-46F3-97A2-16E6727CF769}.Debug|Any CPU.Build.0 = Debug|Any CPU
		{594C36B9-1AB4-46F3-97A2-16E6727CF769}.Release|Any CPU.ActiveCfg = Release|Any CPU
		{594C36B9-1AB4-46F3-97A2-16E6727CF769}.Release|Any CPU.Build.0 = Release|Any CPU
		{7FDAC820-23E6-4CBC-9F0D-CE75A78FA1D0}.Debug|Any CPU.ActiveCfg = Debug|Any CPU
		{7FDAC820-23E6-4CBC-9F0D-CE75A78FA1D0}.Debug|Any CPU.Build.0 = Debug|Any CPU
		{7FDAC820-23E6-4CBC-9F0D-CE75A78FA1D0}.Release|Any CPU.ActiveCfg = Release|Any CPU
		{7FDAC820-23E6-4CBC-9F0D-CE75A78FA1D0}.Release|Any CPU.Build.0 = Release|Any CPU
		{F81E2A48-EA21-4C3C-949F-0C158D411536}.Debug|Any CPU.ActiveCfg = Debug|Any CPU
		{F81E2A48-EA21-4C3C-949F-0C158D411536}.Debug|Any CPU.Build.0 = Debug|Any CPU
		{F81E2A48-EA21-4C3C-949F-0C158D411536}.Release|Any CPU.ActiveCfg = Release|Any CPU
		{F81E2A48-EA21-4C3C-949F-0C158D411536}.Release|Any CPU.Build.0 = Release|Any CPU
		{B655DC96-0204-445A-924F-CD0DCF755955}.Debug|Any CPU.ActiveCfg = Debug|Any CPU
		{B655DC96-0204-445A-924F-CD0DCF755955}.Debug|Any CPU.Build.0 = Debug|Any CPU
		{B655DC96-0204-445A-924F-CD0DCF755955}.Release|Any CPU.ActiveCfg = Release|Any CPU
		{B655DC96-0204-445A-924F-CD0DCF755955}.Release|Any CPU.Build.0 = Release|Any CPU
	EndGlobalSection
	GlobalSection(SolutionProperties) = preSolution
		HideSolutionNode = FALSE
	EndGlobalSection
	GlobalSection(NestedProjects) = preSolution
		{594C36B9-1AB4-46F3-97A2-16E6727CF769} = {23B2CF02-4D09-4DD0-B8A9-13DE6E9DDF75}
		{A02789EC-5A30-4FAC-8DEB-2D89FB35F5F5} = {C93EE50F-FBE6-45F7-8091-B4F88003A6C7}
		{7FDAC820-23E6-4CBC-9F0D-CE75A78FA1D0} = {A02789EC-5A30-4FAC-8DEB-2D89FB35F5F5}
		{8DDA8696-7AFA-45FB-A6A0-857EF3895B17} = {C93EE50F-FBE6-45F7-8091-B4F88003A6C7}
		{B655DC96-0204-445A-924F-CD0DCF755955} = {8DDA8696-7AFA-45FB-A6A0-857EF3895B17}
	EndGlobalSection
	GlobalSection(ExtensibilityGlobals) = postSolution
		SolutionGuid = {8FD8D076-735A-406D-B718-8AAAEBCC58F1}
	EndGlobalSection
EndGlobal
